// !$*UTF8*$!
{
	archiveVersion = 1;
	classes = {
	};
	objectVersion = 50;
	objects = {

/* Begin PBXBuildFile section */
		2503696422859A42000D87FB /* UIImageViewExt.swift in Sources */ = {isa = PBXBuildFile; fileRef = 2503696322859A42000D87FB /* UIImageViewExt.swift */; };
		25207150226F769500AB8114 /* ScoreLabelUpdater.swift in Sources */ = {isa = PBXBuildFile; fileRef = 2520714F226F769500AB8114 /* ScoreLabelUpdater.swift */; };
		258A7E28226E541900480227 /* AppDelegate.swift in Sources */ = {isa = PBXBuildFile; fileRef = 258A7E27226E541900480227 /* AppDelegate.swift */; };
		258A7E2A226E541900480227 /* ViewController.swift in Sources */ = {isa = PBXBuildFile; fileRef = 258A7E29226E541900480227 /* ViewController.swift */; };
		258A7E2D226E541900480227 /* Main.storyboard in Resources */ = {isa = PBXBuildFile; fileRef = 258A7E2B226E541900480227 /* Main.storyboard */; };
		258A7E2F226E541A00480227 /* Assets.xcassets in Resources */ = {isa = PBXBuildFile; fileRef = 258A7E2E226E541A00480227 /* Assets.xcassets */; };
		258A7E32226E541A00480227 /* LaunchScreen.storyboard in Resources */ = {isa = PBXBuildFile; fileRef = 258A7E30226E541A00480227 /* LaunchScreen.storyboard */; };
		258A7E3A226E722D00480227 /* CardGenerator.swift in Sources */ = {isa = PBXBuildFile; fileRef = 258A7E39226E722D00480227 /* CardGenerator.swift */; };
		25C261CB229438410083B760 /* MenuController.swift in Sources */ = {isa = PBXBuildFile; fileRef = 25C261CA229438410083B760 /* MenuController.swift */; };
		25FCD7C522834D07006F6A5B /* hipjazz.mp3 in Resources */ = {isa = PBXBuildFile; fileRef = 25FCD7C422834D07006F6A5B /* hipjazz.mp3 */; };
/* End PBXBuildFile section */

/* Begin PBXFileReference section */
		2503696322859A42000D87FB /* UIImageViewExt.swift */ = {isa = PBXFileReference; lastKnownFileType = sourcecode.swift; path = UIImageViewExt.swift; sourceTree = "<group>"; };
		2520714F226F769500AB8114 /* ScoreLabelUpdater.swift */ = {isa = PBXFileReference; lastKnownFileType = sourcecode.swift; path = ScoreLabelUpdater.swift; sourceTree = "<group>"; };
		258A7E24226E541900480227 /* CardWarGame.app */ = {isa = PBXFileReference; explicitFileType = wrapper.application; includeInIndex = 0; path = CardWarGame.app; sourceTree = BUILT_PRODUCTS_DIR; };
		258A7E27226E541900480227 /* AppDelegate.swift */ = {isa = PBXFileReference; lastKnownFileType = sourcecode.swift; path = AppDelegate.swift; sourceTree = "<group>"; };
		258A7E29226E541900480227 /* ViewController.swift */ = {isa = PBXFileReference; lastKnownFileType = sourcecode.swift; path = ViewController.swift; sourceTree = "<group>"; };
		258A7E2C226E541900480227 /* Base */ = {isa = PBXFileReference; lastKnownFileType = file.storyboard; name = Base; path = Base.lproj/Main.storyboard; sourceTree = "<group>"; };
		258A7E2E226E541A00480227 /* Assets.xcassets */ = {isa = PBXFileReference; lastKnownFileType = folder.assetcatalog; path = Assets.xcassets; sourceTree = "<group>"; };
		258A7E31226E541A00480227 /* Base */ = {isa = PBXFileReference; lastKnownFileType = file.storyboard; name = Base; path = Base.lproj/LaunchScreen.storyboard; sourceTree = "<group>"; };
		258A7E33226E541A00480227 /* Info.plist */ = {isa = PBXFileReference; lastKnownFileType = text.plist.xml; path = Info.plist; sourceTree = "<group>"; };
		258A7E39226E722D00480227 /* CardGenerator.swift */ = {isa = PBXFileReference; lastKnownFileType = sourcecode.swift; path = CardGenerator.swift; sourceTree = "<group>"; };
		25C261CA229438410083B760 /* MenuController.swift */ = {isa = PBXFileReference; lastKnownFileType = sourcecode.swift; path = MenuController.swift; sourceTree = "<group>"; };
		25FCD7C422834D07006F6A5B /* hipjazz.mp3 */ = {isa = PBXFileReference; lastKnownFileType = audio.mp3; path = hipjazz.mp3; sourceTree = "<group>"; };
/* End PBXFileReference section */

/* Begin PBXFrameworksBuildPhase section */
		258A7E21226E541900480227 /* Frameworks */ = {
			isa = PBXFrameworksBuildPhase;
			buildActionMask = 2147483647;
			files = (
			);
			runOnlyForDeploymentPostprocessing = 0;
		};
/* End PBXFrameworksBuildPhase section */

/* Begin PBXGroup section */
		258A7E1B226E541900480227 = {
			isa = PBXGroup;
			children = (
				258A7E26226E541900480227 /* CardWarGame */,
				258A7E25226E541900480227 /* Products */,
			);
			sourceTree = "<group>";
		};
		258A7E25226E541900480227 /* Products */ = {
			isa = PBXGroup;
			children = (
				258A7E24226E541900480227 /* CardWarGame.app */,
			);
			name = Products;
			sourceTree = "<group>";
		};
		258A7E26226E541900480227 /* CardWarGame */ = {
			isa = PBXGroup;
			children = (
				258A7E27226E541900480227 /* AppDelegate.swift */,
				25C261CA229438410083B760 /* MenuController.swift */,
				2503696322859A42000D87FB /* UIImageViewExt.swift */,
				258A7E39226E722D00480227 /* CardGenerator.swift */,
				2520714F226F769500AB8114 /* ScoreLabelUpdater.swift */,
				258A7E29226E541900480227 /* ViewController.swift */,
				258A7E2B226E541900480227 /* Main.storyboard */,
				258A7E2E226E541A00480227 /* Assets.xcassets */,
				25FCD7C422834D07006F6A5B /* hipjazz.mp3 */,
				258A7E30226E541A00480227 /* LaunchScreen.storyboard */,
				258A7E33226E541A00480227 /* Info.plist */,
			);
			path = CardWarGame;
			sourceTree = "<group>";
		};
/* End PBXGroup section */

/* Begin PBXNativeTarget section */
		258A7E23226E541900480227 /* CardWarGame */ = {
			isa = PBXNativeTarget;
			buildConfigurationList = 258A7E36226E541A00480227 /* Build configuration list for PBXNativeTarget "CardWarGame" */;
			buildPhases = (
				258A7E20226E541900480227 /* Sources */,
				258A7E21226E541900480227 /* Frameworks */,
				258A7E22226E541900480227 /* Resources */,
			);
			buildRules = (
			);
			dependencies = (
			);
			name = CardWarGame;
			productName = CardWarGame;
			productReference = 258A7E24226E541900480227 /* CardWarGame.app */;
			productType = "com.apple.product-type.application";
		};
/* End PBXNativeTarget section */

/* Begin PBXProject section */
		258A7E1C226E541900480227 /* Project object */ = {
			isa = PBXProject;
			attributes = {
				LastSwiftUpdateCheck = 1020;
				LastUpgradeCheck = 1020;
				ORGANIZATIONNAME = Harut;
				TargetAttributes = {
					258A7E23226E541900480227 = {
						CreatedOnToolsVersion = 10.2.1;
					};
				};
			};
			buildConfigurationList = 258A7E1F226E541900480227 /* Build configuration list for PBXProject "CardWarGame" */;
			compatibilityVersion = "Xcode 9.3";
			developmentRegion = en;
			hasScannedForEncodings = 0;
			knownRegions = (
				en,
				Base,
			);
			mainGroup = 258A7E1B226E541900480227;
			productRefGroup = 258A7E25226E541900480227 /* Products */;
			projectDirPath = "";
			projectRoot = "";
			targets = (
				258A7E23226E541900480227 /* CardWarGame */,
			);
		};
/* End PBXProject section */

/* Begin PBXResourcesBuildPhase section */
		258A7E22226E541900480227 /* Resources */ = {
			isa = PBXResourcesBuildPhase;
			buildActionMask = 2147483647;
			files = (
				258A7E32226E541A00480227 /* LaunchScreen.storyboard in Resources */,
				25FCD7C522834D07006F6A5B /* hipjazz.mp3 in Resources */,
				258A7E2F226E541A00480227 /* Assets.xcassets in Resources */,
				258A7E2D226E541900480227 /* Main.storyboard in Resources */,
			);
			runOnlyForDeploymentPostprocessing = 0;
		};
/* End PBXResourcesBuildPhase section */

/* Begin PBXSourcesBuildPhase section */
		258A7E20226E541900480227 /* Sources */ = {
			isa = PBXSourcesBuildPhase;
			buildActionMask = 2147483647;
			files = (
				2503696422859A42000D87FB /* UIImageViewExt.swift in Sources */,
				258A7E3A226E722D00480227 /* CardGenerator.swift in Sources */,
				258A7E2A226E541900480227 /* ViewController.swift in Sources */,
				258A7E28226E541900480227 /* AppDelegate.swift in Sources */,
				25C261CB229438410083B760 /* MenuController.swift in Sources */,
				25207150226F769500AB8114 /* ScoreLabelUpdater.swift in Sources */,
			);
			runOnlyForDeploymentPostprocessing = 0;
		};
/* End PBXSourcesBuildPhase section */

/* Begin PBXVariantGroup section */
		258A7E2B226E541900480227 /* Main.storyboard */ = {
			isa = PBXVariantGroup;
			children = (
				258A7E2C226E541900480227 /* Base */,
			);
			name = Main.storyboard;
			sourceTree = "<group>";
		};
		258A7E30226E541A00480227 /* LaunchScreen.storyboard */ = {
			isa = PBXVariantGroup;
			children = (
				258A7E31226E541A00480227 /* Base */,
			);
			name = LaunchScreen.storyboard;
			sourceTree = "<group>";
		};
/* End PBXVariantGroup section */

/* Begin XCBuildConfiguration section */
		258A7E34226E541A00480227 /* Debug */ = {
			isa = XCBuildConfiguration;
			buildSettings = {
				ALWAYS_SEARCH_USER_PATHS = NO;
				CLANG_ANALYZER_NONNULL = YES;
				CLANG_ANALYZER_NUMBER_OBJECT_CONVERSION = YES_AGGRESSIVE;
				CLANG_CXX_LANGUAGE_STANDARD = "gnu++14";
				CLANG_CXX_LIBRARY = "libc++";
				CLANG_ENABLE_MODULES = YES;
				CLANG_ENABLE_OBJC_ARC = YES;
				CLANG_ENABLE_OBJC_WEAK = YES;
				CLANG_WARN_BLOCK_CAPTURE_AUTORELEASING = YES;
				CLANG_WARN_BOOL_CONVERSION = YES;
				CLANG_WARN_COMMA = YES;
				CLANG_WARN_CONSTANT_CONVERSION = YES;
				CLANG_WARN_DEPRECATED_OBJC_IMPLEMENTATIONS = YES;
				CLANG_WARN_DIRECT_OBJC_ISA_USAGE = YES_ERROR;
				CLANG_WARN_DOCUMENTATION_COMMENTS = YES;
				CLANG_WARN_EMPTY_BODY = YES;
				CLANG_WARN_ENUM_CONVERSION = YES;
				CLANG_WARN_INFINITE_RECURSION = YES;
				CLANG_WARN_INT_CONVERSION = YES;
				CLANG_WARN_NON_LITERAL_NULL_CONVERSION = YES;
				CLANG_WARN_OBJC_IMPLICIT_RETAIN_SELF = YES;
				CLANG_WARN_OBJC_LITERAL_CONVERSION = YES;
				CLANG_WARN_OBJC_ROOT_CLASS = YES_ERROR;
				CLANG_WARN_RANGE_LOOP_ANALYSIS = YES;
				CLANG_WARN_STRICT_PROTOTYPES = YES;
				CLANG_WARN_SUSPICIOUS_MOVE = YES;
				CLANG_WARN_UNGUARDED_AVAILABILITY = YES_AGGRESSIVE;
				CLANG_WARN_UNREACHABLE_CODE = YES;
				CLANG_WARN__DUPLICATE_METHOD_MATCH = YES;
				CODE_SIGN_IDENTITY = "iPhone Developer";
				COPY_PHASE_STRIP = NO;
				DEBUG_INFORMATION_FORMAT = dwarf;
				ENABLE_STRICT_OBJC_MSGSEND = YES;
				ENABLE_TESTABILITY = YES;
				GCC_C_LANGUAGE_STANDARD = gnu11;
				GCC_DYNAMIC_NO_PIC = NO;
				GCC_NO_COMMON_BLOCKS = YES;
				GCC_OPTIMIZATION_LEVEL = 0;
				GCC_PREPROCESSOR_DEFINITIONS = (
					"DEBUG=1",
					"$(inherited)",
				);
				GCC_WARN_64_TO_32_BIT_CONVERSION = YES;
				GCC_WARN_ABOUT_RETURN_TYPE = YES_ERROR;
				GCC_WARN_UNDECLARED_SELECTOR = YES;
				GCC_WARN_UNINITIALIZED_AUTOS = YES_AGGRESSIVE;
				GCC_WARN_UNUSED_FUNCTION = YES;
				GCC_WARN_UNUSED_VARIABLE = YES;
				IPHONEOS_DEPLOYMENT_TARGET = 12.2;
				MTL_ENABLE_DEBUG_INFO = INCLUDE_SOURCE;
				MTL_FAST_MATH = YES;
				ONLY_ACTIVE_ARCH = YES;
				SDKROOT = iphoneos;
				SWIFT_ACTIVE_COMPILATION_CONDITIONS = DEBUG;
				SWIFT_OPTIMIZATION_LEVEL = "-Onone";
			};
			name = Debug;
		};
		258A7E35226E541A00480227 /* Release */ = {
			isa = XCBuildConfiguration;
			buildSettings = {
				ALWAYS_SEARCH_USER_PATHS = NO;
				CLANG_ANALYZER_NONNULL = YES;
				CLANG_ANALYZER_NUMBER_OBJECT_CONVERSION = YES_AGGRESSIVE;
				CLANG_CXX_LANGUAGE_STANDARD = "gnu++14";
				CLANG_CXX_LIBRARY = "libc++";
				CLANG_ENABLE_MODULES = YES;
				CLANG_ENABLE_OBJC_ARC = YES;
				CLANG_ENABLE_OBJC_WEAK = YES;
				CLANG_WARN_BLOCK_CAPTURE_AUTORELEASING = YES;
				CLANG_WARN_BOOL_CONVERSION = YES;
				CLANG_WARN_COMMA = YES;
				CLANG_WARN_CONSTANT_CONVERSION = YES;
				CLANG_WARN_DEPRECATED_OBJC_IMPLEMENTATIONS = YES;
				CLANG_WARN_DIRECT_OBJC_ISA_USAGE = YES_ERROR;
				CLANG_WARN_DOCUMENTATION_COMMENTS = YES;
				CLANG_WARN_EMPTY_BODY = YES;
				CLANG_WARN_ENUM_CONVERSION = YES;
				CLANG_WARN_INFINITE_RECURSION = YES;
				CLANG_WARN_INT_CONVERSION = YES;
				CLANG_WARN_NON_LITERAL_NULL_CONVERSION = YES;
				CLANG_WARN_OBJC_IMPLICIT_RETAIN_SELF = YES;
				CLANG_WARN_OBJC_LITERAL_CONVERSION = YES;
				CLANG_WARN_OBJC_ROOT_CLASS = YES_ERROR;
				CLANG_WARN_RANGE_LOOP_ANALYSIS = YES;
				CLANG_WARN_STRICT_PROTOTYPES = YES;
				CLANG_WARN_SUSPICIOUS_MOVE = YES;
				CLANG_WARN_UNGUARDED_AVAILABILITY = YES_AGGRESSIVE;
				CLANG_WARN_UNREACHABLE_CODE = YES;
				CLANG_WARN__DUPLICATE_METHOD_MATCH = YES;
				CODE_SIGN_IDENTITY = "iPhone Developer";
				COPY_PHASE_STRIP = NO;
				DEBUG_INFORMATION_FORMAT = "dwarf-with-dsym";
				ENABLE_NS_ASSERTIONS = NO;
				ENABLE_STRICT_OBJC_MSGSEND = YES;
				GCC_C_LANGUAGE_STANDARD = gnu11;
				GCC_NO_COMMON_BLOCKS = YES;
				GCC_WARN_64_TO_32_BIT_CONVERSION = YES;
				GCC_WARN_ABOUT_RETURN_TYPE = YES_ERROR;
				GCC_WARN_UNDECLARED_SELECTOR = YES;
				GCC_WARN_UNINITIALIZED_AUTOS = YES_AGGRESSIVE;
				GCC_WARN_UNUSED_FUNCTION = YES;
				GCC_WARN_UNUSED_VARIABLE = YES;
				IPHONEOS_DEPLOYMENT_TARGET = 12.2;
				MTL_ENABLE_DEBUG_INFO = NO;
				MTL_FAST_MATH = YES;
				SDKROOT = iphoneos;
				SWIFT_COMPILATION_MODE = wholemodule;
				SWIFT_OPTIMIZATION_LEVEL = "-O";
				VALIDATE_PRODUCT = YES;
			};
			name = Release;
		};
		258A7E37226E541A00480227 /* Debug */ = {
			isa = XCBuildConfiguration;
			buildSettings = {
				ASSETCATALOG_COMPILER_APPICON_NAME = AppIcon;
				CODE_SIGN_STYLE = Automatic;
				DEVELOPMENT_TEAM = 7C4VH89VKJ;
				INFOPLIST_FILE = CardWarGame/Info.plist;
				LD_RUNPATH_SEARCH_PATHS = (
					"$(inherited)",
					"@executable_path/Frameworks",
				);
				PRODUCT_BUNDLE_IDENTIFIER = Harut.CardWarGame;
				PRODUCT_NAME = "$(TARGET_NAME)";
				SWIFT_VERSION = 5.0;
				TARGETED_DEVICE_FAMILY = 1;
			};
			name = Debug;
		};
		258A7E38226E541A00480227 /* Release */ = {
			isa = XCBuildConfiguration;
			buildSettings = {
				ASSETCATALOG_COMPILER_APPICON_NAME = AppIcon;
				CODE_SIGN_STYLE = Automatic;
				DEVELOPMENT_TEAM = 7C4VH89VKJ;
				INFOPLIST_FILE = CardWarGame/Info.plist;
				LD_RUNPATH_SEARCH_PATHS = (
					"$(inherited)",
					"@executable_path/Frameworks",
				);
				PRODUCT_BUNDLE_IDENTIFIER = Harut.CardWarGame;
				PRODUCT_NAME = "$(TARGET_NAME)";
				SWIFT_VERSION = 5.0;
				TARGETED_DEVICE_FAMILY = 1;
			};
			name = Release;
		};
/* End XCBuildConfiguration section */

/* Begin XCConfigurationList section */
		258A7E1F226E541900480227 /* Build configuration list for PBXProject "CardWarGame" */ = {
			isa = XCConfigurationList;
			buildConfigurations = (
				258A7E34226E541A00480227 /* Debug */,
				258A7E35226E541A00480227 /* Release */,
			);
			defaultConfigurationIsVisible = 0;
			defaultConfigurationName = Release;
		};
		258A7E36226E541A00480227 /* Build configuration list for PBXNativeTarget "CardWarGame" */ = {
			isa = XCConfigurationList;
			buildConfigurations = (
				258A7E37226E541A00480227 /* Debug */,
				258A7E38226E541A00480227 /* Release */,
			);
			defaultConfigurationIsVisible = 0;
			defaultConfigurationName = Release;
		};
/* End XCConfigurationList section */
	};
	rootObject = 258A7E1C226E541900480227 /* Project object */;
}
